
Microsoft Visual Studio Solution File, Format Version 12.00
# Visual Studio Version 17
VisualStudioVersion = 17.0.31919.166
MinimumVisualStudioVersion = 10.0.40219.1
Project("{FAE04EC0-301F-11D3-BF4B-00C04F79EFBC}") = "BusSender", "BusSender\BusSender.csproj", "{FA929D7B-CBD9-4EDE-9FF9-87475DCB9F3F}"
EndProject
Project("{FAE04EC0-301F-11D3-BF4B-00C04F79EFBC}") = "BusReceiver", "BusReceiver\BusReceiver.csproj", "{E9C7A2DC-4845-4160-9549-2F10E1D491D3}"
EndProject
Global
	GlobalSection(SolutionConfigurationPlatforms) = preSolution
		Debug|Any CPU = Debug|Any CPU
		Release|Any CPU = Release|Any CPU
	EndGlobalSection
	GlobalSection(ProjectConfigurationPlatforms) = postSolution
		{FA929D7B-CBD9-4EDE-9FF9-87475DCB9F3F}.Debug|Any CPU.ActiveCfg = Debug|Any CPU
		{FA929D7B-CBD9-4EDE-9FF9-87475DCB9F3F}.Debug|Any CPU.Build.0 = Debug|Any CPU
		{FA929D7B-CBD9-4EDE-9FF9-87475DCB9F3F}.Release|Any CPU.ActiveCfg = Release|Any CPU
		{FA929D7B-CBD9-4EDE-9FF9-87475DCB9F3F}.Release|Any CPU.Build.0 = Release|Any CPU
		{E9C7A2DC-4845-4160-9549-2F10E1D491D3}.Debug|Any CPU.ActiveCfg = Debug|Any CPU
		{E9C7A2DC-4845-4160-9549-2F10E1D491D3}.Debug|Any CPU.Build.0 = Debug|Any CPU
		{E9C7A2DC-4845-4160-9549-2F10E1D491D3}.Release|Any CPU.ActiveCfg = Release|Any CPU
		{E9C7A2DC-4845-4160-9549-2F10E1D491D3}.Release|Any CPU.Build.0 = Release|Any CPU
	EndGlobalSection
	GlobalSection(SolutionProperties) = preSolution
		HideSolutionNode = FALSE
	EndGlobalSection
	GlobalSection(ExtensibilityGlobals) = postSolution
		SolutionGuid = {F0B5FA9A-F72F-429B-BBD0-966A2BCDB05D}
	EndGlobalSection
EndGlobal
